
Microsoft Visual Studio Solution File, Format Version 12.00
# Visual Studio Version 16
VisualStudioVersion = 16.0.31129.286
MinimumVisualStudioVersion = 10.0.40219.1
Project("{9A19103F-16F7-4668-BE54-9A1E7A4F7556}") = "ProEventos.Api", "ProEventos.Api.csproj", "{E11A7D85-6394-4868-B348-1A5FAEFDA17A}"
EndProject
Global
	GlobalSection(SolutionConfigurationPlatforms) = preSolution
		Debug|Any CPU = Debug|Any CPU
		Release|Any CPU = Release|Any CPU
	EndGlobalSection
	GlobalSection(ProjectConfigurationPlatforms) = postSolution
		{E11A7D85-6394-4868-B348-1A5FAEFDA17A}.Debug|Any CPU.ActiveCfg = Debug|Any CPU
		{E11A7D85-6394-4868-B348-1A5FAEFDA17A}.Debug|Any CPU.Build.0 = Debug|Any CPU
		{E11A7D85-6394-4868-B348-1A5FAEFDA17A}.Release|Any CPU.ActiveCfg = Release|Any CPU
		{E11A7D85-6394-4868-B348-1A5FAEFDA17A}.Release|Any CPU.Build.0 = Release|Any CPU
	EndGlobalSection
	GlobalSection(SolutionProperties) = preSolution
		HideSolutionNode = FALSE
	EndGlobalSection
	GlobalSection(ExtensibilityGlobals) = postSolution
		SolutionGuid = {4B21D52C-A7DF-4CCF-94B4-8165C6C4F723}
	EndGlobalSection
EndGlobal
